
Microsoft Visual Studio Solution File, Format Version 12.00
# Visual Studio Version 16
VisualStudioVersion = 16.0.30011.22
MinimumVisualStudioVersion = 10.0.40219.1
Project("{FAE04EC0-301F-11D3-BF4B-00C04F79EFBC}") = "Exam Prep", "Exam Prep\Exam Prep.csproj", "{5FC2D3EB-2C56-4642-88ED-557B6A182670}"
EndProject
Global
	GlobalSection(SolutionConfigurationPlatforms) = preSolution
		Debug|Any CPU = Debug|Any CPU
		Release|Any CPU = Release|Any CPU
	EndGlobalSection
	GlobalSection(ProjectConfigurationPlatforms) = postSolution
		{5FC2D3EB-2C56-4642-88ED-557B6A182670}.Debug|Any CPU.ActiveCfg = Debug|Any CPU
		{5FC2D3EB-2C56-4642-88ED-557B6A182670}.Debug|Any CPU.Build.0 = Debug|Any CPU
		{5FC2D3EB-2C56-4642-88ED-557B6A182670}.Release|Any CPU.ActiveCfg = Release|Any CPU
		{5FC2D3EB-2C56-4642-88ED-557B6A182670}.Release|Any CPU.Build.0 = Release|Any CPU
	EndGlobalSection
	GlobalSection(SolutionProperties) = preSolution
		HideSolutionNode = FALSE
	EndGlobalSection
	GlobalSection(ExtensibilityGlobals) = postSolution
		SolutionGuid = {0A0920C9-C0F4-4995-AF19-001C66BE424C}
	EndGlobalSection
EndGlobal
